// !$*UTF8*$!
{
	archiveVersion = 1;
	classes = {
	};
	objectVersion = 77;
	objects = {

/* Begin PBXBuildFile section */
		05FEFEC4EFA4AF4416DF0514 /* HomeView.swift in Sources */ = {isa = PBXBuildFile; fileRef = 81D84ECF38795DF6FC6B7F3B /* HomeView.swift */; };
		071D717363A31C87D73A925E /* Components.swift in Sources */ = {isa = PBXBuildFile; fileRef = BD6BED43C81ED4D1C4CB2E4E /* Components.swift */; };
		18B989E0B5738E7F706ADEBD /* StrainDetailView.swift in Sources */ = {isa = PBXBuildFile; fileRef = A321898C1D21B156F5E656AF /* StrainDetailView.swift */; };
		21310596945853CF09E3914E /* GoogleSignIn in Frameworks */ = {isa = PBXBuildFile; productRef = B03B3877011371001498845F /* GoogleSignIn */; };
		2E471769498EEA1A6FFF5C5A /* Assets.xcassets in Resources */ = {isa = PBXBuildFile; fileRef = 8A665A0D5B80618873C1876F /* Assets.xcassets */; };
		2EE1AB2C26823B1AFDD93FE0 /* StrainWiseApp.swift in Sources */ = {isa = PBXBuildFile; fileRef = E2066F18BF00D3A96EA5874F /* StrainWiseApp.swift */; };
		311EFD014FE938AF277B28E9 /* Palette.swift in Sources */ = {isa = PBXBuildFile; fileRef = 3A7E38AF8F50FF72D930FB1B /* Palette.swift */; };
		35447C27AB56EA978EFEF102 /* PreviewData.swift in Sources */ = {isa = PBXBuildFile; fileRef = 73221765338B5CEE84DE1532 /* PreviewData.swift */; };
		3FEFF8C3F117480B676C9144 /* SavedStrainsView.swift in Sources */ = {isa = PBXBuildFile; fileRef = 1946B1C8E418A237324A9C0E /* SavedStrainsView.swift */; };
		461ECD90C1B3858D41D2AC2F /* FindModel.swift in Sources */ = {isa = PBXBuildFile; fileRef = 8CB95C7009EB09C356A3E546 /* FindModel.swift */; };
		465BEB9E82732E2902791986 /* MeshBackground.swift in Sources */ = {isa = PBXBuildFile; fileRef = 27B1646A9054529E30CC001E /* MeshBackground.swift */; };
		4B932F74C53ECE955B23C421 /* AilmentCarousel.swift in Sources */ = {isa = PBXBuildFile; fileRef = 914751E7D4D775463DEB6CA9 /* AilmentCarousel.swift */; };
		5B82EA188A2606CC5FC5C9CE /* SignInView.swift in Sources */ = {isa = PBXBuildFile; fileRef = B5C3F06F5A47964646196630 /* SignInView.swift */; };
		6095DCC80D3B11AC0277C9C7 /* RootView.swift in Sources */ = {isa = PBXBuildFile; fileRef = BB72C17AE9087DBDFF7D7797 /* RootView.swift */; };
		621493CE6C3754302F942C5E /* GoogleService-Info.plist in Resources */ = {isa = PBXBuildFile; fileRef = 3FF168A5C719F3D3F4702B35 /* GoogleService-Info.plist */; };
		6226B4D380E3C3ED3A855843 /* SavedStrainsStore.swift in Sources */ = {isa = PBXBuildFile; fileRef = 8AAC295805AFD32269131658 /* SavedStrainsStore.swift */; };
		62C0D5C73AD25A325928159F /* strain-directory.json in Resources */ = {isa = PBXBuildFile; fileRef = 6D1D2CBF28E9A81F7C08E37A /* strain-directory.json */; };
		633BD06F38FBD9F2AF25952A /* FirebaseBootstrap.swift in Sources */ = {isa = PBXBuildFile; fileRef = C5FA329BD7AC6982E6FFCA16 /* FirebaseBootstrap.swift */; };
		6C725C28B553AEA147616C9D /* StrainModels.swift in Sources */ = {isa = PBXBuildFile; fileRef = EF5021241702655D0B556AB6 /* StrainModels.swift */; };
		740F7B1DEF6572CBAE3740DA /* AccountView.swift in Sources */ = {isa = PBXBuildFile; fileRef = CF6453489643321FAC8E130F /* AccountView.swift */; };
		74FC6536E1E7475A1589D942 /* ReliefHistoryView.swift in Sources */ = {isa = PBXBuildFile; fileRef = A408909E10D3882449C9D57D /* ReliefHistoryView.swift */; };
		7A99F739D8D6ECD453F8CB26 /* FirebaseFunctions in Frameworks */ = {isa = PBXBuildFile; productRef = A538477A9E8CEFA4C6479CB4 /* FirebaseFunctions */; };
		8053DBA5884A96D65B056F36 /* PublicNotesStore.swift in Sources */ = {isa = PBXBuildFile; fileRef = 648CF481E640E18F7B4B47E9 /* PublicNotesStore.swift */; };
		8821927B929F07592A4871F8 /* StrainWiseTests.swift in Sources */ = {isa = PBXBuildFile; fileRef = 5D58596872C36B0B71B8273B /* StrainWiseTests.swift */; };
		97C18BC73D5AFBAEF7CD2413 /* HomeModel.swift in Sources */ = {isa = PBXBuildFile; fileRef = 3A492F65A674EC783E6A321B /* HomeModel.swift */; };
		9AB210BAB6C430188D3CAB77 /* ReliefLogForm.swift in Sources */ = {isa = PBXBuildFile; fileRef = 4FE633D8DF9FC60A6054EB28 /* ReliefLogForm.swift */; };
		A1FD1525D190F0D89947142C /* StrainAPI.swift in Sources */ = {isa = PBXBuildFile; fileRef = F65A3E705F0FE0B8BB24C080 /* StrainAPI.swift */; };
		A49771561CE42BA02A3F04D5 /* StrainCatalog.swift in Sources */ = {isa = PBXBuildFile; fileRef = C05ED87EFE4C691805EC1BDF /* StrainCatalog.swift */; };
		AA49FDAE50FA0663EF005E3A /* StrainMeaning.swift in Sources */ = {isa = PBXBuildFile; fileRef = 94B80469D8D6804EADE68021 /* StrainMeaning.swift */; };
		ABE89A91398C06A7CF67EC69 /* StrainGridView.swift in Sources */ = {isa = PBXBuildFile; fileRef = A5599B52492008F8E0F1A0BE /* StrainGridView.swift */; };
		B6CB1C666E93E807D5187575 /* TriedNotesView.swift in Sources */ = {isa = PBXBuildFile; fileRef = 2652F71BBBAD5D6FD8B126B4 /* TriedNotesView.swift */; };
		C67055E982F2DF73222A84A8 /* ReliefLogStore.swift in Sources */ = {isa = PBXBuildFile; fileRef = 76898A85BA225BC2C71DE809 /* ReliefLogStore.swift */; };
		C87344DCC2E9E1AF323DB6EE /* FindView.swift in Sources */ = {isa = PBXBuildFile; fileRef = 8FF600B1920EB5A90DD3333C /* FindView.swift */; };
		CA9ED57AB2EECA8D8E5033BD /* StrainPoster.swift in Sources */ = {isa = PBXBuildFile; fileRef = 357E09006008AF14A9962959 /* StrainPoster.swift */; };
		CD1D7CF23DE96B39F4092DA7 /* AuthSession.swift in Sources */ = {isa = PBXBuildFile; fileRef = 90623AAD5EF394539B457A8B /* AuthSession.swift */; };
		D9FEAB10B10430051A433189 /* RecentlyViewedStore.swift in Sources */ = {isa = PBXBuildFile; fileRef = 5343719095688D3656C44C69 /* RecentlyViewedStore.swift */; };
		DD661EA51CEB53C4F1ECBEF5 /* SharedNotesView.swift in Sources */ = {isa = PBXBuildFile; fileRef = 2472C11CB87864EA4159E36C /* SharedNotesView.swift */; };
		DDE5AAACC2608D2827D101F0 /* SavedAilmentsStore.swift in Sources */ = {isa = PBXBuildFile; fileRef = C632C6FAD1F5B55A8BF419D9 /* SavedAilmentsStore.swift */; };
		E539D86FFDA3BE00A7831007 /* SavedAilmentsCard.swift in Sources */ = {isa = PBXBuildFile; fileRef = 588C389D8B89AEC25782558D /* SavedAilmentsCard.swift */; };
		E85F0249508AD4248A99E35A /* FirebaseAuth in Frameworks */ = {isa = PBXBuildFile; productRef = 38DBE4EA04AC5FD23A40636A /* FirebaseAuth */; };
		EACE6D28559732B70C74B060 /* FirebaseFirestore in Frameworks */ = {isa = PBXBuildFile; productRef = 557CE11C9808D248C14F797E /* FirebaseFirestore */; };
		F9D327C95F3A4FB2EEFC1BD0 /* MainTabView.swift in Sources */ = {isa = PBXBuildFile; fileRef = E20E53734C990850060FB376 /* MainTabView.swift */; };
/* End PBXBuildFile section */

/* Begin PBXContainerItemProxy section */
		3033EF85CFB200BF9809DF1D /* PBXContainerItemProxy */ = {
			isa = PBXContainerItemProxy;
			containerPortal = 2D39A668C4FE4817D0F61B6D /* Project object */;
			proxyType = 1;
			remoteGlobalIDString = FA75B59FE392451781BFC80C;
			remoteInfo = StrainWise;
		};
/* End PBXContainerItemProxy section */

/* Begin PBXFileReference section */
		1946B1C8E418A237324A9C0E /* SavedStrainsView.swift */ = {isa = PBXFileReference; lastKnownFileType = sourcecode.swift; path = SavedStrainsView.swift; sourceTree = "<group>"; };
		2472C11CB87864EA4159E36C /* SharedNotesView.swift */ = {isa = PBXFileReference; lastKnownFileType = sourcecode.swift; path = SharedNotesView.swift; sourceTree = "<group>"; };
		2652F71BBBAD5D6FD8B126B4 /* TriedNotesView.swift */ = {isa = PBXFileReference; lastKnownFileType = sourcecode.swift; path = TriedNotesView.swift; sourceTree = "<group>"; };
		27B1646A9054529E30CC001E /* MeshBackground.swift */ = {isa = PBXFileReference; lastKnownFileType = sourcecode.swift; path = MeshBackground.swift; sourceTree = "<group>"; };
		357E09006008AF14A9962959 /* StrainPoster.swift */ = {isa = PBXFileReference; lastKnownFileType = sourcecode.swift; path = StrainPoster.swift; sourceTree = "<group>"; };
		3A492F65A674EC783E6A321B /* HomeModel.swift */ = {isa = PBXFileReference; lastKnownFileType = sourcecode.swift; path = HomeModel.swift; sourceTree = "<group>"; };
		3A7E38AF8F50FF72D930FB1B /* Palette.swift */ = {isa = PBXFileReference; lastKnownFileType = sourcecode.swift; path = Palette.swift; sourceTree = "<group>"; };
		3D2B71C3F546D88033A80E70 /* Info.plist */ = {isa = PBXFileReference; lastKnownFileType = text.plist; path = Info.plist; sourceTree = "<group>"; };
		3FF168A5C719F3D3F4702B35 /* GoogleService-Info.plist */ = {isa = PBXFileReference; lastKnownFileType = text.plist; path = "GoogleService-Info.plist"; sourceTree = "<group>"; };
		4DFD8F953A71CFC1CABFB544 /* StrainWise.entitlements */ = {isa = PBXFileReference; lastKnownFileType = text.plist.entitlements; path = StrainWise.entitlements; sourceTree = "<group>"; };
		4FE633D8DF9FC60A6054EB28 /* ReliefLogForm.swift */ = {isa = PBXFileReference; lastKnownFileType = sourcecode.swift; path = ReliefLogForm.swift; sourceTree = "<group>"; };
		5343719095688D3656C44C69 /* RecentlyViewedStore.swift */ = {isa = PBXFileReference; lastKnownFileType = sourcecode.swift; path = RecentlyViewedStore.swift; sourceTree = "<group>"; };
		588C389D8B89AEC25782558D /* SavedAilmentsCard.swift */ = {isa = PBXFileReference; lastKnownFileType = sourcecode.swift; path = SavedAilmentsCard.swift; sourceTree = "<group>"; };
		5D58596872C36B0B71B8273B /* StrainWiseTests.swift */ = {isa = PBXFileReference; lastKnownFileType = sourcecode.swift; path = StrainWiseTests.swift; sourceTree = "<group>"; };
		648CF481E640E18F7B4B47E9 /* PublicNotesStore.swift */ = {isa = PBXFileReference; lastKnownFileType = sourcecode.swift; path = PublicNotesStore.swift; sourceTree = "<group>"; };
		6D1D2CBF28E9A81F7C08E37A /* strain-directory.json */ = {isa = PBXFileReference; lastKnownFileType = text.json; path = "strain-directory.json"; sourceTree = "<group>"; };
		73221765338B5CEE84DE1532 /* PreviewData.swift */ = {isa = PBXFileReference; lastKnownFileType = sourcecode.swift; path = PreviewData.swift; sourceTree = "<group>"; };
		76898A85BA225BC2C71DE809 /* ReliefLogStore.swift */ = {isa = PBXFileReference; lastKnownFileType = sourcecode.swift; path = ReliefLogStore.swift; sourceTree = "<group>"; };
		81D84ECF38795DF6FC6B7F3B /* HomeView.swift */ = {isa = PBXFileReference; lastKnownFileType = sourcecode.swift; path = HomeView.swift; sourceTree = "<group>"; };
		8A665A0D5B80618873C1876F /* Assets.xcassets */ = {isa = PBXFileReference; lastKnownFileType = folder.assetcatalog; path = Assets.xcassets; sourceTree = "<group>"; };
		8AAC295805AFD32269131658 /* SavedStrainsStore.swift */ = {isa = PBXFileReference; lastKnownFileType = sourcecode.swift; path = SavedStrainsStore.swift; sourceTree = "<group>"; };
		8CB95C7009EB09C356A3E546 /* FindModel.swift */ = {isa = PBXFileReference; lastKnownFileType = sourcecode.swift; path = FindModel.swift; sourceTree = "<group>"; };
		8FF600B1920EB5A90DD3333C /* FindView.swift */ = {isa = PBXFileReference; lastKnownFileType = sourcecode.swift; path = FindView.swift; sourceTree = "<group>"; };
		90623AAD5EF394539B457A8B /* AuthSession.swift */ = {isa = PBXFileReference; lastKnownFileType = sourcecode.swift; path = AuthSession.swift; sourceTree = "<group>"; };
		914751E7D4D775463DEB6CA9 /* AilmentCarousel.swift */ = {isa = PBXFileReference; lastKnownFileType = sourcecode.swift; path = AilmentCarousel.swift; sourceTree = "<group>"; };
		94B80469D8D6804EADE68021 /* StrainMeaning.swift */ = {isa = PBXFileReference; lastKnownFileType = sourcecode.swift; path = StrainMeaning.swift; sourceTree = "<group>"; };
		A321898C1D21B156F5E656AF /* StrainDetailView.swift */ = {isa = PBXFileReference; lastKnownFileType = sourcecode.swift; path = StrainDetailView.swift; sourceTree = "<group>"; };
		A408909E10D3882449C9D57D /* ReliefHistoryView.swift */ = {isa = PBXFileReference; lastKnownFileType = sourcecode.swift; path = ReliefHistoryView.swift; sourceTree = "<group>"; };
		A5599B52492008F8E0F1A0BE /* StrainGridView.swift */ = {isa = PBXFileReference; lastKnownFileType = sourcecode.swift; path = StrainGridView.swift; sourceTree = "<group>"; };
		B5C3F06F5A47964646196630 /* SignInView.swift */ = {isa = PBXFileReference; lastKnownFileType = sourcecode.swift; path = SignInView.swift; sourceTree = "<group>"; };
		BB72C17AE9087DBDFF7D7797 /* RootView.swift */ = {isa = PBXFileReference; lastKnownFileType = sourcecode.swift; path = RootView.swift; sourceTree = "<group>"; };
		BD6BED43C81ED4D1C4CB2E4E /* Components.swift */ = {isa = PBXFileReference; lastKnownFileType = sourcecode.swift; path = Components.swift; sourceTree = "<group>"; };
		C05ED87EFE4C691805EC1BDF /* StrainCatalog.swift */ = {isa = PBXFileReference; lastKnownFileType = sourcecode.swift; path = StrainCatalog.swift; sourceTree = "<group>"; };
		C5FA329BD7AC6982E6FFCA16 /* FirebaseBootstrap.swift */ = {isa = PBXFileReference; lastKnownFileType = sourcecode.swift; path = FirebaseBootstrap.swift; sourceTree = "<group>"; };
		C632C6FAD1F5B55A8BF419D9 /* SavedAilmentsStore.swift */ = {isa = PBXFileReference; lastKnownFileType = sourcecode.swift; path = SavedAilmentsStore.swift; sourceTree = "<group>"; };
		CF6453489643321FAC8E130F /* AccountView.swift */ = {isa = PBXFileReference; lastKnownFileType = sourcecode.swift; path = AccountView.swift; sourceTree = "<group>"; };
		D20E828C1589484B8E4813CC /* StrainWiseTests.xctest */ = {isa = PBXFileReference; includeInIndex = 0; lastKnownFileType = wrapper.cfbundle; path = StrainWiseTests.xctest; sourceTree = BUILT_PRODUCTS_DIR; };
		E2066F18BF00D3A96EA5874F /* StrainWiseApp.swift */ = {isa = PBXFileReference; lastKnownFileType = sourcecode.swift; path = StrainWiseApp.swift; sourceTree = "<group>"; };
		E20E53734C990850060FB376 /* MainTabView.swift */ = {isa = PBXFileReference; lastKnownFileType = sourcecode.swift; path = MainTabView.swift; sourceTree = "<group>"; };
		EF5021241702655D0B556AB6 /* StrainModels.swift */ = {isa = PBXFileReference; lastKnownFileType = sourcecode.swift; path = StrainModels.swift; sourceTree = "<group>"; };
		F65A3E705F0FE0B8BB24C080 /* StrainAPI.swift */ = {isa = PBXFileReference; lastKnownFileType = sourcecode.swift; path = StrainAPI.swift; sourceTree = "<group>"; };
		F7B28257163F5F4871E8A258 /* StrainWise.app */ = {isa = PBXFileReference; includeInIndex = 0; lastKnownFileType = wrapper.application; path = StrainWise.app; sourceTree = BUILT_PRODUCTS_DIR; };
/* End PBXFileReference section */

/* Begin PBXFrameworksBuildPhase section */
		6ED64E69DAB4C900FF880D35 /* Frameworks */ = {
			isa = PBXFrameworksBuildPhase;
			buildActionMask = 2147483647;
			files = (
				E85F0249508AD4248A99E35A /* FirebaseAuth in Frameworks */,
				EACE6D28559732B70C74B060 /* FirebaseFirestore in Frameworks */,
				7A99F739D8D6ECD453F8CB26 /* FirebaseFunctions in Frameworks */,
				21310596945853CF09E3914E /* GoogleSignIn in Frameworks */,
			);
			runOnlyForDeploymentPostprocessing = 0;
		};
/* End PBXFrameworksBuildPhase section */

/* Begin PBXGroup section */
		0BAE8EFE559F169DA8C8CDF7 /* Auth */ = {
			isa = PBXGroup;
			children = (
				90623AAD5EF394539B457A8B /* AuthSession.swift */,
				B5C3F06F5A47964646196630 /* SignInView.swift */,
			);
			path = Auth;
			sourceTree = "<group>";
		};
		0D38EA4FCE0C31E6084FE599 /* Models */ = {
			isa = PBXGroup;
			children = (
				C05ED87EFE4C691805EC1BDF /* StrainCatalog.swift */,
				EF5021241702655D0B556AB6 /* StrainModels.swift */,
			);
			path = Models;
			sourceTree = "<group>";
		};
		355729E496D415635436688C /* App */ = {
			isa = PBXGroup;
			children = (
				E20E53734C990850060FB376 /* MainTabView.swift */,
				BB72C17AE9087DBDFF7D7797 /* RootView.swift */,
			);
			path = App;
			sourceTree = "<group>";
		};
		56013FB91A9810496FDDF8F7 /* Find */ = {
			isa = PBXGroup;
			children = (
				8CB95C7009EB09C356A3E546 /* FindModel.swift */,
				8FF600B1920EB5A90DD3333C /* FindView.swift */,
			);
			path = Find;
			sourceTree = "<group>";
		};
		5634A2CEFF60FD7712A4E8F8 /* Services */ = {
			isa = PBXGroup;
			children = (
				C5FA329BD7AC6982E6FFCA16 /* FirebaseBootstrap.swift */,
				73221765338B5CEE84DE1532 /* PreviewData.swift */,
				648CF481E640E18F7B4B47E9 /* PublicNotesStore.swift */,
				5343719095688D3656C44C69 /* RecentlyViewedStore.swift */,
				76898A85BA225BC2C71DE809 /* ReliefLogStore.swift */,
				C632C6FAD1F5B55A8BF419D9 /* SavedAilmentsStore.swift */,
				8AAC295805AFD32269131658 /* SavedStrainsStore.swift */,
				F65A3E705F0FE0B8BB24C080 /* StrainAPI.swift */,
			);
			path = Services;
			sourceTree = "<group>";
		};
		5AA1BB82BC13BA142CA921EB /* Products */ = {
			isa = PBXGroup;
			children = (
				F7B28257163F5F4871E8A258 /* StrainWise.app */,
				D20E828C1589484B8E4813CC /* StrainWiseTests.xctest */,
			);
			name = Products;
			sourceTree = "<group>";
		};
		6DA15F6B3C96347A7A00E4F6 /* Strain */ = {
			isa = PBXGroup;
			children = (
				4FE633D8DF9FC60A6054EB28 /* ReliefLogForm.swift */,
				2472C11CB87864EA4159E36C /* SharedNotesView.swift */,
				A321898C1D21B156F5E656AF /* StrainDetailView.swift */,
				94B80469D8D6804EADE68021 /* StrainMeaning.swift */,
				2652F71BBBAD5D6FD8B126B4 /* TriedNotesView.swift */,
			);
			path = Strain;
			sourceTree = "<group>";
		};
		7128DE2B4208D1D6103B498E = {
			isa = PBXGroup;
			children = (
				A1666ABA3B193559E931FC62 /* StrainWise */,
				A6FF20161FB6D32F32A307D3 /* StrainWiseTests */,
				5AA1BB82BC13BA142CA921EB /* Products */,
			);
			sourceTree = "<group>";
		};
		777CA84F052C9E68974B82C4 /* Home */ = {
			isa = PBXGroup;
			children = (
				914751E7D4D775463DEB6CA9 /* AilmentCarousel.swift */,
				3A492F65A674EC783E6A321B /* HomeModel.swift */,
				81D84ECF38795DF6FC6B7F3B /* HomeView.swift */,
				A5599B52492008F8E0F1A0BE /* StrainGridView.swift */,
				357E09006008AF14A9962959 /* StrainPoster.swift */,
			);
			path = Home;
			sourceTree = "<group>";
		};
		A1666ABA3B193559E931FC62 /* StrainWise */ = {
			isa = PBXGroup;
			children = (
				8A665A0D5B80618873C1876F /* Assets.xcassets */,
				3FF168A5C719F3D3F4702B35 /* GoogleService-Info.plist */,
				3D2B71C3F546D88033A80E70 /* Info.plist */,
				4DFD8F953A71CFC1CABFB544 /* StrainWise.entitlements */,
				E2066F18BF00D3A96EA5874F /* StrainWiseApp.swift */,
				A1B0CA0A235CE64ACAD6D3FD /* Account */,
				355729E496D415635436688C /* App */,
				0BAE8EFE559F169DA8C8CDF7 /* Auth */,
				56013FB91A9810496FDDF8F7 /* Find */,
				777CA84F052C9E68974B82C4 /* Home */,
				0D38EA4FCE0C31E6084FE599 /* Models */,
				BBF05652C1DA53EA0B8EBA62 /* Resources */,
				5634A2CEFF60FD7712A4E8F8 /* Services */,
				6DA15F6B3C96347A7A00E4F6 /* Strain */,
				C4B4A013F11A481D590892B5 /* Theme */,
			);
			path = StrainWise;
			sourceTree = "<group>";
		};
		A1B0CA0A235CE64ACAD6D3FD /* Account */ = {
			isa = PBXGroup;
			children = (
				CF6453489643321FAC8E130F /* AccountView.swift */,
				A408909E10D3882449C9D57D /* ReliefHistoryView.swift */,
				588C389D8B89AEC25782558D /* SavedAilmentsCard.swift */,
				1946B1C8E418A237324A9C0E /* SavedStrainsView.swift */,
			);
			path = Account;
			sourceTree = "<group>";
		};
		A6FF20161FB6D32F32A307D3 /* StrainWiseTests */ = {
			isa = PBXGroup;
			children = (
				5D58596872C36B0B71B8273B /* StrainWiseTests.swift */,
			);
			path = StrainWiseTests;
			sourceTree = "<group>";
		};
		BBF05652C1DA53EA0B8EBA62 /* Resources */ = {
			isa = PBXGroup;
			children = (
				6D1D2CBF28E9A81F7C08E37A /* strain-directory.json */,
			);
			path = Resources;
			sourceTree = "<group>";
		};
		C4B4A013F11A481D590892B5 /* Theme */ = {
			isa = PBXGroup;
			children = (
				BD6BED43C81ED4D1C4CB2E4E /* Components.swift */,
				27B1646A9054529E30CC001E /* MeshBackground.swift */,
				3A7E38AF8F50FF72D930FB1B /* Palette.swift */,
			);
			path = Theme;
			sourceTree = "<group>";
		};
/* End PBXGroup section */

/* Begin PBXNativeTarget section */
		D02892193B13C1EFC32F00AE /* StrainWiseTests */ = {
			isa = PBXNativeTarget;
			buildConfigurationList = 468635F4FB427297847C5657 /* Build configuration list for PBXNativeTarget "StrainWiseTests" */;
			buildPhases = (
				4DFFDA5671057544CFE4815D /* Sources */,
			);
			buildRules = (
			);
			dependencies = (
				3B8BC4E8BD4DF2C29150B853 /* PBXTargetDependency */,
			);
			name = StrainWiseTests;
			packageProductDependencies = (
			);
			productName = StrainWiseTests;
			productReference = D20E828C1589484B8E4813CC /* StrainWiseTests.xctest */;
			productType = "com.apple.product-type.bundle.unit-test";
		};
		FA75B59FE392451781BFC80C /* StrainWise */ = {
			isa = PBXNativeTarget;
			buildConfigurationList = 1BFF6F528D12BF21C6831399 /* Build configuration list for PBXNativeTarget "StrainWise" */;
			buildPhases = (
				D9DAFB90FA8CFBBD78BE0CB5 /* Sources */,
				E6FC5358DA1B8EEF6B50D251 /* Resources */,
				6ED64E69DAB4C900FF880D35 /* Frameworks */,
			);
			buildRules = (
			);
			dependencies = (
			);
			name = StrainWise;
			packageProductDependencies = (
				38DBE4EA04AC5FD23A40636A /* FirebaseAuth */,
				557CE11C9808D248C14F797E /* FirebaseFirestore */,
				A538477A9E8CEFA4C6479CB4 /* FirebaseFunctions */,
				B03B3877011371001498845F /* GoogleSignIn */,
			);
			productName = StrainWise;
			productReference = F7B28257163F5F4871E8A258 /* StrainWise.app */;
			productType = "com.apple.product-type.application";
		};
/* End PBXNativeTarget section */

/* Begin PBXProject section */
		2D39A668C4FE4817D0F61B6D /* Project object */ = {
			isa = PBXProject;
			attributes = {
				BuildIndependentTargetsInParallel = YES;
				LastUpgradeCheck = 1430;
				TargetAttributes = {
					D02892193B13C1EFC32F00AE = {
						DevelopmentTeam = 4JBMBNGPK7;
					};
					FA75B59FE392451781BFC80C = {
						DevelopmentTeam = 4JBMBNGPK7;
						ProvisioningStyle = Automatic;
					};
				};
			};
			buildConfigurationList = 5410D4249E27DE85FE56320A /* Build configuration list for PBXProject "StrainWise" */;
			developmentRegion = en;
			hasScannedForEncodings = 0;
			knownRegions = (
				Base,
				en,
			);
			mainGroup = 7128DE2B4208D1D6103B498E;
			minimizedProjectReferenceProxies = 1;
			packageReferences = (
				2288FED7B0573B25467DA5E4 /* XCRemoteSwiftPackageReference "GoogleSignIn-iOS" */,
				2F3EBFD5C9CB789E5A01DA58 /* XCRemoteSwiftPackageReference "firebase-ios-sdk" */,
			);
			preferredProjectObjectVersion = 77;
			productRefGroup = 5AA1BB82BC13BA142CA921EB /* Products */;
			projectDirPath = "";
			projectRoot = "";
			targets = (
				FA75B59FE392451781BFC80C /* StrainWise */,
				D02892193B13C1EFC32F00AE /* StrainWiseTests */,
			);
		};
/* End PBXProject section */

/* Begin PBXResourcesBuildPhase section */
		E6FC5358DA1B8EEF6B50D251 /* Resources */ = {
			isa = PBXResourcesBuildPhase;
			buildActionMask = 2147483647;
			files = (
				2E471769498EEA1A6FFF5C5A /* Assets.xcassets in Resources */,
				621493CE6C3754302F942C5E /* GoogleService-Info.plist in Resources */,
				62C0D5C73AD25A325928159F /* strain-directory.json in Resources */,
			);
			runOnlyForDeploymentPostprocessing = 0;
		};
/* End PBXResourcesBuildPhase section */

/* Begin PBXSourcesBuildPhase section */
		4DFFDA5671057544CFE4815D /* Sources */ = {
			isa = PBXSourcesBuildPhase;
			buildActionMask = 2147483647;
			files = (
				8821927B929F07592A4871F8 /* StrainWiseTests.swift in Sources */,
			);
			runOnlyForDeploymentPostprocessing = 0;
		};
		D9DAFB90FA8CFBBD78BE0CB5 /* Sources */ = {
			isa = PBXSourcesBuildPhase;
			buildActionMask = 2147483647;
			files = (
				740F7B1DEF6572CBAE3740DA /* AccountView.swift in Sources */,
				4B932F74C53ECE955B23C421 /* AilmentCarousel.swift in Sources */,
				CD1D7CF23DE96B39F4092DA7 /* AuthSession.swift in Sources */,
				071D717363A31C87D73A925E /* Components.swift in Sources */,
				461ECD90C1B3858D41D2AC2F /* FindModel.swift in Sources */,
				C87344DCC2E9E1AF323DB6EE /* FindView.swift in Sources */,
				633BD06F38FBD9F2AF25952A /* FirebaseBootstrap.swift in Sources */,
				97C18BC73D5AFBAEF7CD2413 /* HomeModel.swift in Sources */,
				05FEFEC4EFA4AF4416DF0514 /* HomeView.swift in Sources */,
				F9D327C95F3A4FB2EEFC1BD0 /* MainTabView.swift in Sources */,
				465BEB9E82732E2902791986 /* MeshBackground.swift in Sources */,
				311EFD014FE938AF277B28E9 /* Palette.swift in Sources */,
				35447C27AB56EA978EFEF102 /* PreviewData.swift in Sources */,
				8053DBA5884A96D65B056F36 /* PublicNotesStore.swift in Sources */,
				D9FEAB10B10430051A433189 /* RecentlyViewedStore.swift in Sources */,
				74FC6536E1E7475A1589D942 /* ReliefHistoryView.swift in Sources */,
				9AB210BAB6C430188D3CAB77 /* ReliefLogForm.swift in Sources */,
				C67055E982F2DF73222A84A8 /* ReliefLogStore.swift in Sources */,
				6095DCC80D3B11AC0277C9C7 /* RootView.swift in Sources */,
				E539D86FFDA3BE00A7831007 /* SavedAilmentsCard.swift in Sources */,
				DDE5AAACC2608D2827D101F0 /* SavedAilmentsStore.swift in Sources */,
				6226B4D380E3C3ED3A855843 /* SavedStrainsStore.swift in Sources */,
				3FEFF8C3F117480B676C9144 /* SavedStrainsView.swift in Sources */,
				DD661EA51CEB53C4F1ECBEF5 /* SharedNotesView.swift in Sources */,
				5B82EA188A2606CC5FC5C9CE /* SignInView.swift in Sources */,
				A1FD1525D190F0D89947142C /* StrainAPI.swift in Sources */,
				A49771561CE42BA02A3F04D5 /* StrainCatalog.swift in Sources */,
				18B989E0B5738E7F706ADEBD /* StrainDetailView.swift in Sources */,
				ABE89A91398C06A7CF67EC69 /* StrainGridView.swift in Sources */,
				AA49FDAE50FA0663EF005E3A /* StrainMeaning.swift in Sources */,
				6C725C28B553AEA147616C9D /* StrainModels.swift in Sources */,
				CA9ED57AB2EECA8D8E5033BD /* StrainPoster.swift in Sources */,
				2EE1AB2C26823B1AFDD93FE0 /* StrainWiseApp.swift in Sources */,
				B6CB1C666E93E807D5187575 /* TriedNotesView.swift in Sources */,
			);
			runOnlyForDeploymentPostprocessing = 0;
		};
/* End PBXSourcesBuildPhase section */

/* Begin PBXTargetDependency section */
		3B8BC4E8BD4DF2C29150B853 /* PBXTargetDependency */ = {
			isa = PBXTargetDependency;
			target = FA75B59FE392451781BFC80C /* StrainWise */;
			targetProxy = 3033EF85CFB200BF9809DF1D /* PBXContainerItemProxy */;
		};
/* End PBXTargetDependency section */

/* Begin XCBuildConfiguration section */
		057ECDA8F076191F26A66286 /* Release */ = {
			isa = XCBuildConfiguration;
			buildSettings = {
				BUNDLE_LOADER = "$(TEST_HOST)";
				DEVELOPMENT_TEAM = 4JBMBNGPK7;
				GENERATE_INFOPLIST_FILE = YES;
				IPHONEOS_DEPLOYMENT_TARGET = 17.0;
				LD_RUNPATH_SEARCH_PATHS = (
					"$(inherited)",
					"@executable_path/Frameworks",
					"@loader_path/Frameworks",
				);
				PRODUCT_BUNDLE_IDENTIFIER = com.strainwise.app.tests;
				SDKROOT = iphoneos;
				TARGETED_DEVICE_FAMILY = "1,2";
				TEST_HOST = "$(BUILT_PRODUCTS_DIR)/StrainWise.app/$(BUNDLE_EXECUTABLE_FOLDER_PATH)/StrainWise";
			};
			name = Release;
		};
		18D2136D1359BFDEC92E0028 /* Debug */ = {
			isa = XCBuildConfiguration;
			buildSettings = {
				ASSETCATALOG_COMPILER_APPICON_NAME = AppIcon;
				CODE_SIGN_ENTITLEMENTS = StrainWise/StrainWise.entitlements;
				CODE_SIGN_IDENTITY = "iPhone Developer";
				CODE_SIGN_STYLE = Automatic;
				DEVELOPMENT_TEAM = 4JBMBNGPK7;
				GENERATE_INFOPLIST_FILE = NO;
				INFOPLIST_FILE = StrainWise/Info.plist;
				LD_RUNPATH_SEARCH_PATHS = (
					"$(inherited)",
					"@executable_path/Frameworks",
				);
				PRODUCT_BUNDLE_IDENTIFIER = com.strainwise.app;
				PRODUCT_NAME = StrainWise;
				SDKROOT = iphoneos;
				SUPPORTS_MAC_DESIGNED_FOR_IPHONE_IPAD = NO;
				SUPPORTS_XR_DESIGNED_FOR_IPHONE_IPAD = NO;
				SWIFT_EMIT_LOC_STRINGS = YES;
				TARGETED_DEVICE_FAMILY = 1;
			};
			name = Debug;
		};
		6ADC1385ADC950747D66D4A8 /* Debug */ = {
			isa = XCBuildConfiguration;
			buildSettings = {
				BUNDLE_LOADER = "$(TEST_HOST)";
				DEVELOPMENT_TEAM = 4JBMBNGPK7;
				GENERATE_INFOPLIST_FILE = YES;
				IPHONEOS_DEPLOYMENT_TARGET = 17.0;
				LD_RUNPATH_SEARCH_PATHS = (
					"$(inherited)",
					"@executable_path/Frameworks",
					"@loader_path/Frameworks",
				);
				PRODUCT_BUNDLE_IDENTIFIER = com.strainwise.app.tests;
				SDKROOT = iphoneos;
				TARGETED_DEVICE_FAMILY = "1,2";
				TEST_HOST = "$(BUILT_PRODUCTS_DIR)/StrainWise.app/$(BUNDLE_EXECUTABLE_FOLDER_PATH)/StrainWise";
			};
			name = Debug;
		};
		82F7B83BB2B20D1DBAF1F730 /* Release */ = {
			isa = XCBuildConfiguration;
			buildSettings = {
				ASSETCATALOG_COMPILER_APPICON_NAME = AppIcon;
				CODE_SIGN_ENTITLEMENTS = StrainWise/StrainWise.entitlements;
				CODE_SIGN_IDENTITY = "iPhone Developer";
				CODE_SIGN_STYLE = Automatic;
				DEVELOPMENT_TEAM = 4JBMBNGPK7;
				GENERATE_INFOPLIST_FILE = NO;
				INFOPLIST_FILE = StrainWise/Info.plist;
				LD_RUNPATH_SEARCH_PATHS = (
					"$(inherited)",
					"@executable_path/Frameworks",
				);
				PRODUCT_BUNDLE_IDENTIFIER = com.strainwise.app;
				PRODUCT_NAME = StrainWise;
				SDKROOT = iphoneos;
				SUPPORTS_MAC_DESIGNED_FOR_IPHONE_IPAD = NO;
				SUPPORTS_XR_DESIGNED_FOR_IPHONE_IPAD = NO;
				SWIFT_EMIT_LOC_STRINGS = YES;
				TARGETED_DEVICE_FAMILY = 1;
			};
			name = Release;
		};
		DCF2DBB4CDC3D9D4E46397E1 /* Release */ = {
			isa = XCBuildConfiguration;
			buildSettings = {
				ALWAYS_SEARCH_USER_PATHS = NO;
				CLANG_ANALYZER_NONNULL = YES;
				CLANG_ANALYZER_NUMBER_OBJECT_CONVERSION = YES_AGGRESSIVE;
				CLANG_CXX_LANGUAGE_STANDARD = "gnu++14";
				CLANG_CXX_LIBRARY = "libc++";
				CLANG_ENABLE_MODULES = YES;
				CLANG_ENABLE_OBJC_ARC = YES;
				CLANG_ENABLE_OBJC_WEAK = YES;
				CLANG_WARN_BLOCK_CAPTURE_AUTORELEASING = YES;
				CLANG_WARN_BOOL_CONVERSION = YES;
				CLANG_WARN_COMMA = YES;
				CLANG_WARN_CONSTANT_CONVERSION = YES;
				CLANG_WARN_DEPRECATED_OBJC_IMPLEMENTATIONS = YES;
				CLANG_WARN_DIRECT_OBJC_ISA_USAGE = YES_ERROR;
				CLANG_WARN_DOCUMENTATION_COMMENTS = YES;
				CLANG_WARN_EMPTY_BODY = YES;
				CLANG_WARN_ENUM_CONVERSION = YES;
				CLANG_WARN_INFINITE_RECURSION = YES;
				CLANG_WARN_INT_CONVERSION = YES;
				CLANG_WARN_NON_LITERAL_NULL_CONVERSION = YES;
				CLANG_WARN_OBJC_IMPLICIT_RETAIN_SELF = YES;
				CLANG_WARN_OBJC_LITERAL_CONVERSION = YES;
				CLANG_WARN_OBJC_ROOT_CLASS = YES_ERROR;
				CLANG_WARN_QUOTED_INCLUDE_IN_FRAMEWORK_HEADER = YES;
				CLANG_WARN_RANGE_LOOP_ANALYSIS = YES;
				CLANG_WARN_STRICT_PROTOTYPES = YES;
				CLANG_WARN_SUSPICIOUS_MOVE = YES;
				CLANG_WARN_UNGUARDED_AVAILABILITY = YES_AGGRESSIVE;
				CLANG_WARN_UNREACHABLE_CODE = YES;
				CLANG_WARN__DUPLICATE_METHOD_MATCH = YES;
				COPY_PHASE_STRIP = NO;
				CURRENT_PROJECT_VERSION = 1;
				DEBUG_INFORMATION_FORMAT = "dwarf-with-dsym";
				ENABLE_NS_ASSERTIONS = NO;
				ENABLE_STRICT_OBJC_MSGSEND = YES;
				GCC_C_LANGUAGE_STANDARD = gnu11;
				GCC_NO_COMMON_BLOCKS = YES;
				GCC_WARN_64_TO_32_BIT_CONVERSION = YES;
				GCC_WARN_ABOUT_RETURN_TYPE = YES_ERROR;
				GCC_WARN_UNDECLARED_SELECTOR = YES;
				GCC_WARN_UNINITIALIZED_AUTOS = YES_AGGRESSIVE;
				GCC_WARN_UNUSED_FUNCTION = YES;
				GCC_WARN_UNUSED_VARIABLE = YES;
				IPHONEOS_DEPLOYMENT_TARGET = 17.0;
				MARKETING_VERSION = 0.1.0;
				MTL_ENABLE_DEBUG_INFO = NO;
				MTL_FAST_MATH = YES;
				PRODUCT_NAME = "$(TARGET_NAME)";
				SDKROOT = iphoneos;
				SWIFT_COMPILATION_MODE = wholemodule;
				SWIFT_OPTIMIZATION_LEVEL = "-O";
				SWIFT_VERSION = 5.10;
				TARGETED_DEVICE_FAMILY = 1;
			};
			name = Release;
		};
		EF76EE88306B5966BBBA343D /* Debug */ = {
			isa = XCBuildConfiguration;
			buildSettings = {
				ALWAYS_SEARCH_USER_PATHS = NO;
				CLANG_ANALYZER_NONNULL = YES;
				CLANG_ANALYZER_NUMBER_OBJECT_CONVERSION = YES_AGGRESSIVE;
				CLANG_CXX_LANGUAGE_STANDARD = "gnu++14";
				CLANG_CXX_LIBRARY = "libc++";
				CLANG_ENABLE_MODULES = YES;
				CLANG_ENABLE_OBJC_ARC = YES;
				CLANG_ENABLE_OBJC_WEAK = YES;
				CLANG_WARN_BLOCK_CAPTURE_AUTORELEASING = YES;
				CLANG_WARN_BOOL_CONVERSION = YES;
				CLANG_WARN_COMMA = YES;
				CLANG_WARN_CONSTANT_CONVERSION = YES;
				CLANG_WARN_DEPRECATED_OBJC_IMPLEMENTATIONS = YES;
				CLANG_WARN_DIRECT_OBJC_ISA_USAGE = YES_ERROR;
				CLANG_WARN_DOCUMENTATION_COMMENTS = YES;
				CLANG_WARN_EMPTY_BODY = YES;
				CLANG_WARN_ENUM_CONVERSION = YES;
				CLANG_WARN_INFINITE_RECURSION = YES;
				CLANG_WARN_INT_CONVERSION = YES;
				CLANG_WARN_NON_LITERAL_NULL_CONVERSION = YES;
				CLANG_WARN_OBJC_IMPLICIT_RETAIN_SELF = YES;
				CLANG_WARN_OBJC_LITERAL_CONVERSION = YES;
				CLANG_WARN_OBJC_ROOT_CLASS = YES_ERROR;
				CLANG_WARN_QUOTED_INCLUDE_IN_FRAMEWORK_HEADER = YES;
				CLANG_WARN_RANGE_LOOP_ANALYSIS = YES;
				CLANG_WARN_STRICT_PROTOTYPES = YES;
				CLANG_WARN_SUSPICIOUS_MOVE = YES;
				CLANG_WARN_UNGUARDED_AVAILABILITY = YES_AGGRESSIVE;
				CLANG_WARN_UNREACHABLE_CODE = YES;
				CLANG_WARN__DUPLICATE_METHOD_MATCH = YES;
				COPY_PHASE_STRIP = NO;
				CURRENT_PROJECT_VERSION = 1;
				DEBUG_INFORMATION_FORMAT = dwarf;
				ENABLE_STRICT_OBJC_MSGSEND = YES;
				ENABLE_TESTABILITY = YES;
				GCC_C_LANGUAGE_STANDARD = gnu11;
				GCC_DYNAMIC_NO_PIC = NO;
				GCC_NO_COMMON_BLOCKS = YES;
				GCC_OPTIMIZATION_LEVEL = 0;
				GCC_PREPROCESSOR_DEFINITIONS = (
					"$(inherited)",
					"DEBUG=1",
				);
				GCC_WARN_64_TO_32_BIT_CONVERSION = YES;
				GCC_WARN_ABOUT_RETURN_TYPE = YES_ERROR;
				GCC_WARN_UNDECLARED_SELECTOR = YES;
				GCC_WARN_UNINITIALIZED_AUTOS = YES_AGGRESSIVE;
				GCC_WARN_UNUSED_FUNCTION = YES;
				GCC_WARN_UNUSED_VARIABLE = YES;
				IPHONEOS_DEPLOYMENT_TARGET = 17.0;
				MARKETING_VERSION = 0.1.0;
				MTL_ENABLE_DEBUG_INFO = INCLUDE_SOURCE;
				MTL_FAST_MATH = YES;
				ONLY_ACTIVE_ARCH = YES;
				PRODUCT_NAME = "$(TARGET_NAME)";
				SDKROOT = iphoneos;
				SWIFT_ACTIVE_COMPILATION_CONDITIONS = DEBUG;
				SWIFT_OPTIMIZATION_LEVEL = "-Onone";
				SWIFT_VERSION = 5.10;
				TARGETED_DEVICE_FAMILY = 1;
			};
			name = Debug;
		};
/* End XCBuildConfiguration section */

/* Begin XCConfigurationList section */
		1BFF6F528D12BF21C6831399 /* Build configuration list for PBXNativeTarget "StrainWise" */ = {
			isa = XCConfigurationList;
			buildConfigurations = (
				18D2136D1359BFDEC92E0028 /* Debug */,
				82F7B83BB2B20D1DBAF1F730 /* Release */,
			);
			defaultConfigurationIsVisible = 0;
			defaultConfigurationName = Debug;
		};
		468635F4FB427297847C5657 /* Build configuration list for PBXNativeTarget "StrainWiseTests" */ = {
			isa = XCConfigurationList;
			buildConfigurations = (
				6ADC1385ADC950747D66D4A8 /* Debug */,
				057ECDA8F076191F26A66286 /* Release */,
			);
			defaultConfigurationIsVisible = 0;
			defaultConfigurationName = Debug;
		};
		5410D4249E27DE85FE56320A /* Build configuration list for PBXProject "StrainWise" */ = {
			isa = XCConfigurationList;
			buildConfigurations = (
				EF76EE88306B5966BBBA343D /* Debug */,
				DCF2DBB4CDC3D9D4E46397E1 /* Release */,
			);
			defaultConfigurationIsVisible = 0;
			defaultConfigurationName = Debug;
		};
/* End XCConfigurationList section */

/* Begin XCRemoteSwiftPackageReference section */
		2288FED7B0573B25467DA5E4 /* XCRemoteSwiftPackageReference "GoogleSignIn-iOS" */ = {
			isa = XCRemoteSwiftPackageReference;
			repositoryURL = "https://github.com/google/GoogleSignIn-iOS";
			requirement = {
				kind = upToNextMajorVersion;
				minimumVersion = 8.0.0;
			};
		};
		2F3EBFD5C9CB789E5A01DA58 /* XCRemoteSwiftPackageReference "firebase-ios-sdk" */ = {
			isa = XCRemoteSwiftPackageReference;
			repositoryURL = "https://github.com/firebase/firebase-ios-sdk";
			requirement = {
				kind = upToNextMajorVersion;
				minimumVersion = 11.12.0;
			};
		};
/* End XCRemoteSwiftPackageReference section */

/* Begin XCSwiftPackageProductDependency section */
		38DBE4EA04AC5FD23A40636A /* FirebaseAuth */ = {
			isa = XCSwiftPackageProductDependency;
			package = 2F3EBFD5C9CB789E5A01DA58 /* XCRemoteSwiftPackageReference "firebase-ios-sdk" */;
			productName = FirebaseAuth;
		};
		557CE11C9808D248C14F797E /* FirebaseFirestore */ = {
			isa = XCSwiftPackageProductDependency;
			package = 2F3EBFD5C9CB789E5A01DA58 /* XCRemoteSwiftPackageReference "firebase-ios-sdk" */;
			productName = FirebaseFirestore;
		};
		A538477A9E8CEFA4C6479CB4 /* FirebaseFunctions */ = {
			isa = XCSwiftPackageProductDependency;
			package = 2F3EBFD5C9CB789E5A01DA58 /* XCRemoteSwiftPackageReference "firebase-ios-sdk" */;
			productName = FirebaseFunctions;
		};
		B03B3877011371001498845F /* GoogleSignIn */ = {
			isa = XCSwiftPackageProductDependency;
			package = 2288FED7B0573B25467DA5E4 /* XCRemoteSwiftPackageReference "GoogleSignIn-iOS" */;
			productName = GoogleSignIn;
		};
/* End XCSwiftPackageProductDependency section */
	};
	rootObject = 2D39A668C4FE4817D0F61B6D /* Project object */;
}
